
Microsoft Visual Studio Solution File, Format Version 12.00
# Visual Studio Version 17
VisualStudioVersion = 17.10.35027.167
MinimumVisualStudioVersion = 10.0.40219.1
Project("{FAE04EC0-301F-11D3-BF4B-00C04F79EFBC}") = "dotNetExtensionsMethods", "dotNetExtensionsMethods\dotNetExtensionsMethods.csproj", "{92CE818B-DDBC-4DFD-9CDB-E62302F20F8D}"
EndProject
Global
	GlobalSection(SolutionConfigurationPlatforms) = preSolution
		Debug|Any CPU = Debug|Any CPU
		Release|Any CPU = Release|Any CPU
	EndGlobalSection
	GlobalSection(ProjectConfigurationPlatforms) = postSolution
		{92CE818B-DDBC-4DFD-9CDB-E62302F20F8D}.Debug|Any CPU.ActiveCfg = Debug|Any CPU
		{92CE818B-DDBC-4DFD-9CDB-E62302F20F8D}.Debug|Any CPU.Build.0 = Debug|Any CPU
		{92CE818B-DDBC-4DFD-9CDB-E62302F20F8D}.Release|Any CPU.ActiveCfg = Release|Any CPU
		{92CE818B-DDBC-4DFD-9CDB-E62302F20F8D}.Release|Any CPU.Build.0 = Release|Any CPU
	EndGlobalSection
	GlobalSection(SolutionProperties) = preSolution
		HideSolutionNode = FALSE
	EndGlobalSection
	GlobalSection(ExtensibilityGlobals) = postSolution
		SolutionGuid = {33A3234A-4243-4A7D-A435-F1DFB3C7CC2D}
	EndGlobalSection
EndGlobal
